
Microsoft Visual Studio Solution File, Format Version 12.00
# Visual Studio Version 17
VisualStudioVersion = 17.2.32505.173
MinimumVisualStudioVersion = 10.0.40219.1
Project("{FAE04EC0-301F-11D3-BF4B-00C04F79EFBC}") = "Listenfelder", "Listenfelder\Listenfelder.csproj", "{82A13394-EE8A-4845-B122-891877C40C15}"
EndProject
Global
	GlobalSection(SolutionConfigurationPlatforms) = preSolution
		Debug|Any CPU = Debug|Any CPU
		Release|Any CPU = Release|Any CPU
	EndGlobalSection
	GlobalSection(ProjectConfigurationPlatforms) = postSolution
		{82A13394-EE8A-4845-B122-891877C40C15}.Debug|Any CPU.ActiveCfg = Debug|Any CPU
		{82A13394-EE8A-4845-B122-891877C40C15}.Debug|Any CPU.Build.0 = Debug|Any CPU
		{82A13394-EE8A-4845-B122-891877C40C15}.Release|Any CPU.ActiveCfg = Release|Any CPU
		{82A13394-EE8A-4845-B122-891877C40C15}.Release|Any CPU.Build.0 = Release|Any CPU
	EndGlobalSection
	GlobalSection(SolutionProperties) = preSolution
		HideSolutionNode = FALSE
	EndGlobalSection
	GlobalSection(ExtensibilityGlobals) = postSolution
		SolutionGuid = {F869C681-2B97-46FC-B4FA-CDE4726475B0}
	EndGlobalSection
EndGlobal
